
Microsoft Visual Studio Solution File, Format Version 12.00
# Visual Studio Version 17
VisualStudioVersion = 17.1.32421.90
MinimumVisualStudioVersion = 10.0.40219.1
Project("{9A19103F-16F7-4668-BE54-9A1E7A4F7556}") = "Oss", "Oss\Oss.csproj", "{5EAA6FD4-318B-461C-8617-D49062C48FD0}"
EndProject
Global
	GlobalSection(SolutionConfigurationPlatforms) = preSolution
		Debug|Any CPU = Debug|Any CPU
		Release|Any CPU = Release|Any CPU
	EndGlobalSection
	GlobalSection(ProjectConfigurationPlatforms) = postSolution
		{5EAA6FD4-318B-461C-8617-D49062C48FD0}.Debug|Any CPU.ActiveCfg = Debug|Any CPU
		{5EAA6FD4-318B-461C-8617-D49062C48FD0}.Debug|Any CPU.Build.0 = Debug|Any CPU
		{5EAA6FD4-318B-461C-8617-D49062C48FD0}.Release|Any CPU.ActiveCfg = Release|Any CPU
		{5EAA6FD4-318B-461C-8617-D49062C48FD0}.Release|Any CPU.Build.0 = Release|Any CPU
	EndGlobalSection
	GlobalSection(SolutionProperties) = preSolution
		HideSolutionNode = FALSE
	EndGlobalSection
	GlobalSection(ExtensibilityGlobals) = postSolution
		SolutionGuid = {B336D2CA-F0E8-4FE8-8880-A7F2739BE386}
	EndGlobalSection
EndGlobal
